Microsoft Visual Studio Solution File, Format Version 11.00
# Visual Studio 2010
Project("{FAE04EC0-301F-11D3-BF4B-00C04F79EFBC}") = "PolarAreaSeries", "PolarAreaSeries\PolarAreaSeries.csproj", "{92714C12-A046-4870-9376-594EDD81A4F3}"
EndProject
Project("{FAE04EC0-301F-11D3-BF4B-00C04F79EFBC}") = "PolarAreaSeries.Web", "PolarAreaSeries.Web\PolarAreaSeries.Web.csproj", "{B4BD6D90-B9D5-42DB-83FD-5AE766636824}"
EndProject
Global
	GlobalSection(SolutionConfigurationPlatforms) = preSolution
		Debug|Any CPU = Debug|Any CPU
		Release|Any CPU = Release|Any CPU
	EndGlobalSection
	GlobalSection(ProjectConfigurationPlatforms) = postSolution
		{92714C12-A046-4870-9376-594EDD81A4F3}.Debug|Any CPU.ActiveCfg = Debug|Any CPU
		{92714C12-A046-4870-9376-594EDD81A4F3}.Debug|Any CPU.Build.0 = Debug|Any CPU
		{92714C12-A046-4870-9376-594EDD81A4F3}.Release|Any CPU.ActiveCfg = Release|Any CPU
		{92714C12-A046-4870-9376-594EDD81A4F3}.Release|Any CPU.Build.0 = Release|Any CPU
		{B4BD6D90-B9D5-42DB-83FD-5AE766636824}.Debug|Any CPU.ActiveCfg = Debug|Any CPU
		{B4BD6D90-B9D5-42DB-83FD-5AE766636824}.Debug|Any CPU.Build.0 = Debug|Any CPU
		{B4BD6D90-B9D5-42DB-83FD-5AE766636824}.Release|Any CPU.ActiveCfg = Release|Any CPU
		{B4BD6D90-B9D5-42DB-83FD-5AE766636824}.Release|Any CPU.Build.0 = Release|Any CPU
	EndGlobalSection
	GlobalSection(SolutionProperties) = preSolution
		HideSolutionNode = FALSE
	EndGlobalSection
EndGlobal
